
Microsoft Visual Studio Solution File, Format Version 12.00
# Visual Studio Version 17
VisualStudioVersion = 17.9.34607.119
MinimumVisualStudioVersion = 10.0.40219.1
Project("{FAE04EC0-301F-11D3-BF4B-00C04F79EFBC}") = "Kosy", "Kosy\Kosy.csproj", "{AA6A82C4-6B88-4B4C-BF74-D167198E808B}"
EndProject
Global
	GlobalSection(SolutionConfigurationPlatforms) = preSolution
		Debug|Any CPU = Debug|Any CPU
		Release|Any CPU = Release|Any CPU
	EndGlobalSection
	GlobalSection(ProjectConfigurationPlatforms) = postSolution
		{AA6A82C4-6B88-4B4C-BF74-D167198E808B}.Debug|Any CPU.ActiveCfg = Debug|Any CPU
		{AA6A82C4-6B88-4B4C-BF74-D167198E808B}.Debug|Any CPU.Build.0 = Debug|Any CPU
		{AA6A82C4-6B88-4B4C-BF74-D167198E808B}.Release|Any CPU.ActiveCfg = Release|Any CPU
		{AA6A82C4-6B88-4B4C-BF74-D167198E808B}.Release|Any CPU.Build.0 = Release|Any CPU
	EndGlobalSection
	GlobalSection(SolutionProperties) = preSolution
		HideSolutionNode = FALSE
	EndGlobalSection
	GlobalSection(ExtensibilityGlobals) = postSolution
		SolutionGuid = {E2DD7E80-FB6A-41DB-AC0E-962156CF277D}
	EndGlobalSection
EndGlobal
